// !$*UTF8*$!
{
	archiveVersion = 1;
	classes = {
	};
	objectVersion = 50;
	objects = {

/* Begin PBXBuildFile section */
		64F4B6DB223F4F8A008020D6 /* test.graphql in Resources */ = {isa = PBXBuildFile; fileRef = 64F4B6DA223F4F8A008020D6 /* test.graphql */; };
		64F4B6DD223F5BCB008020D6 /* ApolloServie.swift in Sources */ = {isa = PBXBuildFile; fileRef = 64F4B6DC223F5BCB008020D6 /* ApolloServie.swift */; };
		64F4B6E5223F6C4E008020D6 /* API.swift in Sources */ = {isa = PBXBuildFile; fileRef = 64F4B6E4223F6C4E008020D6 /* API.swift */; };
		64F4B6E7223F8F86008020D6 /* ViewModel.swift in Sources */ = {isa = PBXBuildFile; fileRef = 64F4B6E6223F8F86008020D6 /* ViewModel.swift */; };
		64F4B6E9223F8FB6008020D6 /* DataModel.swift in Sources */ = {isa = PBXBuildFile; fileRef = 64F4B6E8223F8FB6008020D6 /* DataModel.swift */; };
		64FEED8E223F3D6A00EC7EEA /* AppDelegate.swift in Sources */ = {isa = PBXBuildFile; fileRef = 64FEED8D223F3D6A00EC7EEA /* AppDelegate.swift */; };
		64FEED90223F3D6A00EC7EEA /* ViewController.swift in Sources */ = {isa = PBXBuildFile; fileRef = 64FEED8F223F3D6A00EC7EEA /* ViewController.swift */; };
		64FEED93223F3D6A00EC7EEA /* Main.storyboard in Resources */ = {isa = PBXBuildFile; fileRef = 64FEED91223F3D6A00EC7EEA /* Main.storyboard */; };
		64FEED95223F3D6E00EC7EEA /* Assets.xcassets in Resources */ = {isa = PBXBuildFile; fileRef = 64FEED94223F3D6E00EC7EEA /* Assets.xcassets */; };
		64FEED98223F3D6E00EC7EEA /* LaunchScreen.storyboard in Resources */ = {isa = PBXBuildFile; fileRef = 64FEED96223F3D6E00EC7EEA /* LaunchScreen.storyboard */; };
		64FEEDA3223F3D6E00EC7EEA /* GraphQLSampleTests.swift in Sources */ = {isa = PBXBuildFile; fileRef = 64FEEDA2223F3D6E00EC7EEA /* GraphQLSampleTests.swift */; };
		6CAD9395DDDCD3ED7AEFB7CE /* Pods_GraphQLSample.framework in Frameworks */ = {isa = PBXBuildFile; fileRef = 47000EFC1A1599BFE6F4D1C0 /* Pods_GraphQLSample.framework */; };
		779FEE5958E2345FA7849087 /* Pods_GraphQLSampleTests.framework in Frameworks */ = {isa = PBXBuildFile; fileRef = 8DDBDB0AB1DFC29918BD0DE0 /* Pods_GraphQLSampleTests.framework */; };
/* End PBXBuildFile section */

/* Begin PBXContainerItemProxy section */
		64FEED9F223F3D6E00EC7EEA /* PBXContainerItemProxy */ = {
			isa = PBXContainerItemProxy;
			containerPortal = 64FEED82223F3D6A00EC7EEA /* Project object */;
			proxyType = 1;
			remoteGlobalIDString = 64FEED89223F3D6A00EC7EEA;
			remoteInfo = GraphQLSample;
		};
/* End PBXContainerItemProxy section */

/* Begin PBXFileReference section */
		47000EFC1A1599BFE6F4D1C0 /* Pods_GraphQLSample.framework */ = {isa = PBXFileReference; explicitFileType = wrapper.framework; includeInIndex = 0; path = Pods_GraphQLSample.framework; sourceTree = BUILT_PRODUCTS_DIR; };
		64F4B6DA223F4F8A008020D6 /* test.graphql */ = {isa = PBXFileReference; lastKnownFileType = text; path = test.graphql; sourceTree = "<group>"; };
		64F4B6DC223F5BCB008020D6 /* ApolloServie.swift */ = {isa = PBXFileReference; lastKnownFileType = sourcecode.swift; path = ApolloServie.swift; sourceTree = "<group>"; };
		64F4B6E4223F6C4E008020D6 /* API.swift */ = {isa = PBXFileReference; fileEncoding = 4; lastKnownFileType = sourcecode.swift; path = API.swift; sourceTree = "<group>"; };
		64F4B6E6223F8F86008020D6 /* ViewModel.swift */ = {isa = PBXFileReference; lastKnownFileType = sourcecode.swift; path = ViewModel.swift; sourceTree = "<group>"; };
		64F4B6E8223F8FB6008020D6 /* DataModel.swift */ = {isa = PBXFileReference; lastKnownFileType = sourcecode.swift; path = DataModel.swift; sourceTree = "<group>"; };
		64FEED8A223F3D6A00EC7EEA /* GraphQLSample.app */ = {isa = PBXFileReference; explicitFileType = wrapper.application; includeInIndex = 0; path = GraphQLSample.app; sourceTree = BUILT_PRODUCTS_DIR; };
		64FEED8D223F3D6A00EC7EEA /* AppDelegate.swift */ = {isa = PBXFileReference; lastKnownFileType = sourcecode.swift; path = AppDelegate.swift; sourceTree = "<group>"; };
		64FEED8F223F3D6A00EC7EEA /* ViewController.swift */ = {isa = PBXFileReference; lastKnownFileType = sourcecode.swift; path = ViewController.swift; sourceTree = "<group>"; };
		64FEED92223F3D6A00EC7EEA /* Base */ = {isa = PBXFileReference; lastKnownFileType = file.storyboard; name = Base; path = Base.lproj/Main.storyboard; sourceTree = "<group>"; };
		64FEED94223F3D6E00EC7EEA /* Assets.xcassets */ = {isa = PBXFileReference; lastKnownFileType = folder.assetcatalog; path = Assets.xcassets; sourceTree = "<group>"; };
		64FEED97223F3D6E00EC7EEA /* Base */ = {isa = PBXFileReference; lastKnownFileType = file.storyboard; name = Base; path = Base.lproj/LaunchScreen.storyboard; sourceTree = "<group>"; };
		64FEED99223F3D6E00EC7EEA /* Info.plist */ = {isa = PBXFileReference; lastKnownFileType = text.plist.xml; path = Info.plist; sourceTree = "<group>"; };
		64FEED9E223F3D6E00EC7EEA /* GraphQLSampleTests.xctest */ = {isa = PBXFileReference; explicitFileType = wrapper.cfbundle; includeInIndex = 0; path = GraphQLSampleTests.xctest; sourceTree = BUILT_PRODUCTS_DIR; };
		64FEEDA2223F3D6E00EC7EEA /* GraphQLSampleTests.swift */ = {isa = PBXFileReference; lastKnownFileType = sourcecode.swift; path = GraphQLSampleTests.swift; sourceTree = "<group>"; };
		64FEEDA4223F3D6E00EC7EEA /* Info.plist */ = {isa = PBXFileReference; lastKnownFileType = text.plist.xml; path = Info.plist; sourceTree = "<group>"; };
		8DDBDB0AB1DFC29918BD0DE0 /* Pods_GraphQLSampleTests.framework */ = {isa = PBXFileReference; explicitFileType = wrapper.framework; includeInIndex = 0; path = Pods_GraphQLSampleTests.framework; sourceTree = BUILT_PRODUCTS_DIR; };
		97847ABED020ADCBB0C274E9 /* Pods-GraphQLSample.debug.xcconfig */ = {isa = PBXFileReference; includeInIndex = 1; lastKnownFileType = text.xcconfig; name = "Pods-GraphQLSample.debug.xcconfig"; path = "Pods/Target Support Files/Pods-GraphQLSample/Pods-GraphQLSample.debug.xcconfig"; sourceTree = "<group>"; };
		9F4662940F39A58EEA4F9792 /* Pods-GraphQLSampleTests.debug.xcconfig */ = {isa = PBXFileReference; includeInIndex = 1; lastKnownFileType = text.xcconfig; name = "Pods-GraphQLSampleTests.debug.xcconfig"; path = "Pods/Target Support Files/Pods-GraphQLSampleTests/Pods-GraphQLSampleTests.debug.xcconfig"; sourceTree = "<group>"; };
		B61A8F9321FCC6F0A3FE4BCF /* Pods-GraphQLSampleTests.release.xcconfig */ = {isa = PBXFileReference; includeInIndex = 1; lastKnownFileType = text.xcconfig; name = "Pods-GraphQLSampleTests.release.xcconfig"; path = "Pods/Target Support Files/Pods-GraphQLSampleTests/Pods-GraphQLSampleTests.release.xcconfig"; sourceTree = "<group>"; };
		C948A34ED6D2602924FDE901 /* Pods-GraphQLSample.release.xcconfig */ = {isa = PBXFileReference; includeInIndex = 1; lastKnownFileType = text.xcconfig; name = "Pods-GraphQLSample.release.xcconfig"; path = "Pods/Target Support Files/Pods-GraphQLSample/Pods-GraphQLSample.release.xcconfig"; sourceTree = "<group>"; };
/* End PBXFileReference section */

/* Begin PBXFrameworksBuildPhase section */
		64FEED87223F3D6A00EC7EEA /* Frameworks */ = {
			isa = PBXFrameworksBuildPhase;
			buildActionMask = 2147483647;
			files = (
				6CAD9395DDDCD3ED7AEFB7CE /* Pods_GraphQLSample.framework in Frameworks */,
			);
			runOnlyForDeploymentPostprocessing = 0;
		};
		64FEED9B223F3D6E00EC7EEA /* Frameworks */ = {
			isa = PBXFrameworksBuildPhase;
			buildActionMask = 2147483647;
			files = (
				779FEE5958E2345FA7849087 /* Pods_GraphQLSampleTests.framework in Frameworks */,
			);
			runOnlyForDeploymentPostprocessing = 0;
		};
/* End PBXFrameworksBuildPhase section */

/* Begin PBXGroup section */
		5AB6900DADDFD73F77D2DD99 /* Pods */ = {
			isa = PBXGroup;
			children = (
				97847ABED020ADCBB0C274E9 /* Pods-GraphQLSample.debug.xcconfig */,
				C948A34ED6D2602924FDE901 /* Pods-GraphQLSample.release.xcconfig */,
				9F4662940F39A58EEA4F9792 /* Pods-GraphQLSampleTests.debug.xcconfig */,
				B61A8F9321FCC6F0A3FE4BCF /* Pods-GraphQLSampleTests.release.xcconfig */,
			);
			name = Pods;
			sourceTree = "<group>";
		};
		64FEED81223F3D6A00EC7EEA = {
			isa = PBXGroup;
			children = (
				64FEED8C223F3D6A00EC7EEA /* GraphQLSample */,
				64FEEDA1223F3D6E00EC7EEA /* GraphQLSampleTests */,
				64FEED8B223F3D6A00EC7EEA /* Products */,
				5AB6900DADDFD73F77D2DD99 /* Pods */,
				9C6B67F178ED5B93ED1BB579 /* Frameworks */,
			);
			sourceTree = "<group>";
		};
		64FEED8B223F3D6A00EC7EEA /* Products */ = {
			isa = PBXGroup;
			children = (
				64FEED8A223F3D6A00EC7EEA /* GraphQLSample.app */,
				64FEED9E223F3D6E00EC7EEA /* GraphQLSampleTests.xctest */,
			);
			name = Products;
			sourceTree = "<group>";
		};
		64FEED8C223F3D6A00EC7EEA /* GraphQLSample */ = {
			isa = PBXGroup;
			children = (
				64FEED8D223F3D6A00EC7EEA /* AppDelegate.swift */,
				64FEED8F223F3D6A00EC7EEA /* ViewController.swift */,
				64F4B6E6223F8F86008020D6 /* ViewModel.swift */,
				64F4B6E8223F8FB6008020D6 /* DataModel.swift */,
				64FEED91223F3D6A00EC7EEA /* Main.storyboard */,
				64FEED94223F3D6E00EC7EEA /* Assets.xcassets */,
				64FEED96223F3D6E00EC7EEA /* LaunchScreen.storyboard */,
				64FEED99223F3D6E00EC7EEA /* Info.plist */,
				64F4B6DA223F4F8A008020D6 /* test.graphql */,
				64F4B6DC223F5BCB008020D6 /* ApolloServie.swift */,
				64F4B6E4223F6C4E008020D6 /* API.swift */,
			);
			path = GraphQLSample;
			sourceTree = "<group>";
		};
		64FEEDA1223F3D6E00EC7EEA /* GraphQLSampleTests */ = {
			isa = PBXGroup;
			children = (
				64FEEDA2223F3D6E00EC7EEA /* GraphQLSampleTests.swift */,
				64FEEDA4223F3D6E00EC7EEA /* Info.plist */,
			);
			path = GraphQLSampleTests;
			sourceTree = "<group>";
		};
		9C6B67F178ED5B93ED1BB579 /* Frameworks */ = {
			isa = PBXGroup;
			children = (
				47000EFC1A1599BFE6F4D1C0 /* Pods_GraphQLSample.framework */,
				8DDBDB0AB1DFC29918BD0DE0 /* Pods_GraphQLSampleTests.framework */,
			);
			name = Frameworks;
			sourceTree = "<group>";
		};
/* End PBXGroup section */

/* Begin PBXNativeTarget section */
		64FEED89223F3D6A00EC7EEA /* GraphQLSample */ = {
			isa = PBXNativeTarget;
			buildConfigurationList = 64FEEDA7223F3D6E00EC7EEA /* Build configuration list for PBXNativeTarget "GraphQLSample" */;
			buildPhases = (
				8CC38B8F52AE20D817DA6EEF /* [CP] Check Pods Manifest.lock */,
				64FEEDAD223F3E7900EC7EEA /* Generate Apollo GraphQL API */,
				64FEED86223F3D6A00EC7EEA /* Sources */,
				64FEED87223F3D6A00EC7EEA /* Frameworks */,
				64FEED88223F3D6A00EC7EEA /* Resources */,
				03EBA7A9526D4B0C333F35B2 /* [CP] Embed Pods Frameworks */,
				787E066D99140F54A1B95135 /* [CP] Copy Pods Resources */,
			);
			buildRules = (
			);
			dependencies = (
			);
			name = GraphQLSample;
			productName = GraphQLSample;
			productReference = 64FEED8A223F3D6A00EC7EEA /* GraphQLSample.app */;
			productType = "com.apple.product-type.application";
		};
		64FEED9D223F3D6E00EC7EEA /* GraphQLSampleTests */ = {
			isa = PBXNativeTarget;
			buildConfigurationList = 64FEEDAA223F3D6E00EC7EEA /* Build configuration list for PBXNativeTarget "GraphQLSampleTests" */;
			buildPhases = (
				10AD94EC17E8BE78522A3914 /* [CP] Check Pods Manifest.lock */,
				64FEED9A223F3D6E00EC7EEA /* Sources */,
				64FEED9B223F3D6E00EC7EEA /* Frameworks */,
				64FEED9C223F3D6E00EC7EEA /* Resources */,
				135F120BC5AD4AB8372C6C30 /* [CP] Embed Pods Frameworks */,
				7CB08F4C583D2DE73A7C86D2 /* [CP] Copy Pods Resources */,
			);
			buildRules = (
			);
			dependencies = (
				64FEEDA0223F3D6E00EC7EEA /* PBXTargetDependency */,
			);
			name = GraphQLSampleTests;
			productName = GraphQLSampleTests;
			productReference = 64FEED9E223F3D6E00EC7EEA /* GraphQLSampleTests.xctest */;
			productType = "com.apple.product-type.bundle.unit-test";
		};
/* End PBXNativeTarget section */

/* Begin PBXProject section */
		64FEED82223F3D6A00EC7EEA /* Project object */ = {
			isa = PBXProject;
			attributes = {
				LastSwiftUpdateCheck = 1010;
				LastUpgradeCheck = 1010;
				ORGANIZATIONNAME = YCFeng.com.tw;
				TargetAttributes = {
					64FEED89223F3D6A00EC7EEA = {
						CreatedOnToolsVersion = 10.1;
					};
					64FEED9D223F3D6E00EC7EEA = {
						CreatedOnToolsVersion = 10.1;
						TestTargetID = 64FEED89223F3D6A00EC7EEA;
					};
				};
			};
			buildConfigurationList = 64FEED85223F3D6A00EC7EEA /* Build configuration list for PBXProject "GraphQLSample" */;
			compatibilityVersion = "Xcode 9.3";
			developmentRegion = en;
			hasScannedForEncodings = 0;
			knownRegions = (
				en,
				Base,
			);
			mainGroup = 64FEED81223F3D6A00EC7EEA;
			productRefGroup = 64FEED8B223F3D6A00EC7EEA /* Products */;
			projectDirPath = "";
			projectRoot = "";
			targets = (
				64FEED89223F3D6A00EC7EEA /* GraphQLSample */,
				64FEED9D223F3D6E00EC7EEA /* GraphQLSampleTests */,
			);
		};
/* End PBXProject section */

/* Begin PBXResourcesBuildPhase section */
		64FEED88223F3D6A00EC7EEA /* Resources */ = {
			isa = PBXResourcesBuildPhase;
			buildActionMask = 2147483647;
			files = (
				64FEED98223F3D6E00EC7EEA /* LaunchScreen.storyboard in Resources */,
				64F4B6DB223F4F8A008020D6 /* test.graphql in Resources */,
				64FEED95223F3D6E00EC7EEA /* Assets.xcassets in Resources */,
				64FEED93223F3D6A00EC7EEA /* Main.storyboard in Resources */,
			);
			runOnlyForDeploymentPostprocessing = 0;
		};
		64FEED9C223F3D6E00EC7EEA /* Resources */ = {
			isa = PBXResourcesBuildPhase;
			buildActionMask = 2147483647;
			files = (
			);
			runOnlyForDeploymentPostprocessing = 0;
		};
/* End PBXResourcesBuildPhase section */

/* Begin PBXShellScriptBuildPhase section */
		03EBA7A9526D4B0C333F35B2 /* [CP] Embed Pods Frameworks */ = {
			isa = PBXShellScriptBuildPhase;
			buildActionMask = 2147483647;
			files = (
			);
			inputFileListPaths = (
			);
			inputPaths = (
				"${SRCROOT}/Pods/Target Support Files/Pods-GraphQLSample/Pods-GraphQLSample-frameworks.sh",
				"${BUILT_PRODUCTS_DIR}/Apollo/Apollo.framework",
				"${BUILT_PRODUCTS_DIR}/FLEX/FLEX.framework",
				"${BUILT_PRODUCTS_DIR}/RxApolloClient/RxApolloClient.framework",
				"${BUILT_PRODUCTS_DIR}/RxAtomic/RxAtomic.framework",
				"${BUILT_PRODUCTS_DIR}/RxCocoa/RxCocoa.framework",
				"${BUILT_PRODUCTS_DIR}/RxOptional/RxOptional.framework",
				"${BUILT_PRODUCTS_DIR}/RxSwift/RxSwift.framework",
			);
			name = "[CP] Embed Pods Frameworks";
			outputFileListPaths = (
			);
			outputPaths = (
				"${TARGET_BUILD_DIR}/${FRAMEWORKS_FOLDER_PATH}/Apollo.framework",
				"${TARGET_BUILD_DIR}/${FRAMEWORKS_FOLDER_PATH}/FLEX.framework",
				"${TARGET_BUILD_DIR}/${FRAMEWORKS_FOLDER_PATH}/RxApolloClient.framework",
				"${TARGET_BUILD_DIR}/${FRAMEWORKS_FOLDER_PATH}/RxAtomic.framework",
				"${TARGET_BUILD_DIR}/${FRAMEWORKS_FOLDER_PATH}/RxCocoa.framework",
				"${TARGET_BUILD_DIR}/${FRAMEWORKS_FOLDER_PATH}/RxOptional.framework",
				"${TARGET_BUILD_DIR}/${FRAMEWORKS_FOLDER_PATH}/RxSwift.framework",
			);
			runOnlyForDeploymentPostprocessing = 0;
			shellPath = /bin/sh;
			shellScript = "\"${SRCROOT}/Pods/Target Support Files/Pods-GraphQLSample/Pods-GraphQLSample-frameworks.sh\"\n";
			showEnvVarsInLog = 0;
		};
		10AD94EC17E8BE78522A3914 /* [CP] Check Pods Manifest.lock */ = {
			isa = PBXShellScriptBuildPhase;
			buildActionMask = 2147483647;
			files = (
			);
			inputFileListPaths = (
			);
			inputPaths = (
				"${PODS_PODFILE_DIR_PATH}/Podfile.lock",
				"${PODS_ROOT}/Manifest.lock",
			);
			name = "[CP] Check Pods Manifest.lock";
			outputFileListPaths = (
			);
			outputPaths = (
				"$(DERIVED_FILE_DIR)/Pods-GraphQLSampleTests-checkManifestLockResult.txt",
			);
			runOnlyForDeploymentPostprocessing = 0;
			shellPath = /bin/sh;
			shellScript = "diff \"${PODS_PODFILE_DIR_PATH}/Podfile.lock\" \"${PODS_ROOT}/Manifest.lock\" > /dev/null\nif [ $? != 0 ] ; then\n    # print error to STDERR\n    echo \"error: The sandbox is not in sync with the Podfile.lock. Run 'pod install' or update your CocoaPods installation.\" >&2\n    exit 1\nfi\n# This output is used by Xcode 'outputs' to avoid re-running this script phase.\necho \"SUCCESS\" > \"${SCRIPT_OUTPUT_FILE_0}\"\n";
			showEnvVarsInLog = 0;
		};
		135F120BC5AD4AB8372C6C30 /* [CP] Embed Pods Frameworks */ = {
			isa = PBXShellScriptBuildPhase;
			buildActionMask = 2147483647;
			files = (
			);
			inputFileListPaths = (
			);
			inputPaths = (
			);
			name = "[CP] Embed Pods Frameworks";
			outputFileListPaths = (
			);
			outputPaths = (
			);
			runOnlyForDeploymentPostprocessing = 0;
			shellPath = /bin/sh;
			shellScript = "\"${SRCROOT}/Pods/Target Support Files/Pods-GraphQLSampleTests/Pods-GraphQLSampleTests-frameworks.sh\"\n";
			showEnvVarsInLog = 0;
		};
		64FEEDAD223F3E7900EC7EEA /* Generate Apollo GraphQL API */ = {
			isa = PBXShellScriptBuildPhase;
			buildActionMask = 2147483647;
			files = (
			);
			inputFileListPaths = (
			);
			inputPaths = (
			);
			name = "Generate Apollo GraphQL API";
			outputFileListPaths = (
			);
			outputPaths = (
			);
			runOnlyForDeploymentPostprocessing = 0;
			shellPath = /bin/sh;
			shellScript = "APOLLO_FRAMEWORK_PATH=\"$(eval find $FRAMEWORK_SEARCH_PATHS -name \"Apollo.framework\" -maxdepth 1)\"\n\nif [ -z \"$APOLLO_FRAMEWORK_PATH\" ]; then\necho \"error: Couldn't find Apollo.framework in FRAMEWORK_SEARCH_PATHS; make sure to add the framework to your project.\"\nexit 1\nfi\n\ncd \"${SRCROOT}/${TARGET_NAME}\"\n$APOLLO_FRAMEWORK_PATH/check-and-run-apollo-cli.sh codegen:generate --queries=\"$(find . -name '*.graphql')\" --schema=schema.json API.swift\n";
		};
		787E066D99140F54A1B95135 /* [CP] Copy Pods Resources */ = {
			isa = PBXShellScriptBuildPhase;
			buildActionMask = 2147483647;
			files = (
			);
			inputFileListPaths = (
			);
			inputPaths = (
			);
			name = "[CP] Copy Pods Resources";
			outputFileListPaths = (
			);
			outputPaths = (
			);
			runOnlyForDeploymentPostprocessing = 0;
			shellPath = /bin/sh;
			shellScript = "\"${SRCROOT}/Pods/Target Support Files/Pods-GraphQLSample/Pods-GraphQLSample-resources.sh\"\n";
			showEnvVarsInLog = 0;
		};
		7CB08F4C583D2DE73A7C86D2 /* [CP] Copy Pods Resources */ = {
			isa = PBXShellScriptBuildPhase;
			buildActionMask = 2147483647;
			files = (
			);
			inputFileListPaths = (
			);
			inputPaths = (
			);
			name = "[CP] Copy Pods Resources";
			outputFileListPaths = (
			);
			outputPaths = (
			);
			runOnlyForDeploymentPostprocessing = 0;
			shellPath = /bin/sh;
			shellScript = "\"${SRCROOT}/Pods/Target Support Files/Pods-GraphQLSampleTests/Pods-GraphQLSampleTests-resources.sh\"\n";
			showEnvVarsInLog = 0;
		};
		8CC38B8F52AE20D817DA6EEF /* [CP] Check Pods Manifest.lock */ = {
			isa = PBXShellScriptBuildPhase;
			buildActionMask = 2147483647;
			files = (
			);
			inputFileListPaths = (
			);
			inputPaths = (
				"${PODS_PODFILE_DIR_PATH}/Podfile.lock",
				"${PODS_ROOT}/Manifest.lock",
			);
			name = "[CP] Check Pods Manifest.lock";
			outputFileListPaths = (
			);
			outputPaths = (
				"$(DERIVED_FILE_DIR)/Pods-GraphQLSample-checkManifestLockResult.txt",
			);
			runOnlyForDeploymentPostprocessing = 0;
			shellPath = /bin/sh;
			shellScript = "diff \"${PODS_PODFILE_DIR_PATH}/Podfile.lock\" \"${PODS_ROOT}/Manifest.lock\" > /dev/null\nif [ $? != 0 ] ; then\n    # print error to STDERR\n    echo \"error: The sandbox is not in sync with the Podfile.lock. Run 'pod install' or update your CocoaPods installation.\" >&2\n    exit 1\nfi\n# This output is used by Xcode 'outputs' to avoid re-running this script phase.\necho \"SUCCESS\" > \"${SCRIPT_OUTPUT_FILE_0}\"\n";
			showEnvVarsInLog = 0;
		};
/* End PBXShellScriptBuildPhase section */

/* Begin PBXSourcesBuildPhase section */
		64FEED86223F3D6A00EC7EEA /* Sources */ = {
			isa = PBXSourcesBuildPhase;
			buildActionMask = 2147483647;
			files = (
				64F4B6E7223F8F86008020D6 /* ViewModel.swift in Sources */,
				64FEED90223F3D6A00EC7EEA /* ViewController.swift in Sources */,
				64F4B6DD223F5BCB008020D6 /* ApolloServie.swift in Sources */,
				64F4B6E5223F6C4E008020D6 /* API.swift in Sources */,
				64FEED8E223F3D6A00EC7EEA /* AppDelegate.swift in Sources */,
				64F4B6E9223F8FB6008020D6 /* DataModel.swift in Sources */,
			);
			runOnlyForDeploymentPostprocessing = 0;
		};
		64FEED9A223F3D6E00EC7EEA /* Sources */ = {
			isa = PBXSourcesBuildPhase;
			buildActionMask = 2147483647;
			files = (
				64FEEDA3223F3D6E00EC7EEA /* GraphQLSampleTests.swift in Sources */,
			);
			runOnlyForDeploymentPostprocessing = 0;
		};
/* End PBXSourcesBuildPhase section */

/* Begin PBXTargetDependency section */
		64FEEDA0223F3D6E00EC7EEA /* PBXTargetDependency */ = {
			isa = PBXTargetDependency;
			target = 64FEED89223F3D6A00EC7EEA /* GraphQLSample */;
			targetProxy = 64FEED9F223F3D6E00EC7EEA /* PBXContainerItemProxy */;
		};
/* End PBXTargetDependency section */

/* Begin PBXVariantGroup section */
		64FEED91223F3D6A00EC7EEA /* Main.storyboard */ = {
			isa = PBXVariantGroup;
			children = (
				64FEED92223F3D6A00EC7EEA /* Base */,
			);
			name = Main.storyboard;
			sourceTree = "<group>";
		};
		64FEED96223F3D6E00EC7EEA /* LaunchScreen.storyboard */ = {
			isa = PBXVariantGroup;
			children = (
				64FEED97223F3D6E00EC7EEA /* Base */,
			);
			name = LaunchScreen.storyboard;
			sourceTree = "<group>";
		};
/* End PBXVariantGroup section */

/* Begin XCBuildConfiguration section */
		64FEEDA5223F3D6E00EC7EEA /* Debug */ = {
			isa = XCBuildConfiguration;
			buildSettings = {
				ALWAYS_SEARCH_USER_PATHS = NO;
				CLANG_ANALYZER_NONNULL = YES;
				CLANG_ANALYZER_NUMBER_OBJECT_CONVERSION = YES_AGGRESSIVE;
				CLANG_CXX_LANGUAGE_STANDARD = "gnu++14";
				CLANG_CXX_LIBRARY = "libc++";
				CLANG_ENABLE_MODULES = YES;
				CLANG_ENABLE_OBJC_ARC = YES;
				CLANG_ENABLE_OBJC_WEAK = YES;
				CLANG_WARN_BLOCK_CAPTURE_AUTORELEASING = YES;
				CLANG_WARN_BOOL_CONVERSION = YES;
				CLANG_WARN_COMMA = YES;
				CLANG_WARN_CONSTANT_CONVERSION = YES;
				CLANG_WARN_DEPRECATED_OBJC_IMPLEMENTATIONS = YES;
				CLANG_WARN_DIRECT_OBJC_ISA_USAGE = YES_ERROR;
				CLANG_WARN_DOCUMENTATION_COMMENTS = YES;
				CLANG_WARN_EMPTY_BODY = YES;
				CLANG_WARN_ENUM_CONVERSION = YES;
				CLANG_WARN_INFINITE_RECURSION = YES;
				CLANG_WARN_INT_CONVERSION = YES;
				CLANG_WARN_NON_LITERAL_NULL_CONVERSION = YES;
				CLANG_WARN_OBJC_IMPLICIT_RETAIN_SELF = YES;
				CLANG_WARN_OBJC_LITERAL_CONVERSION = YES;
				CLANG_WARN_OBJC_ROOT_CLASS = YES_ERROR;
				CLANG_WARN_RANGE_LOOP_ANALYSIS = YES;
				CLANG_WARN_STRICT_PROTOTYPES = YES;
				CLANG_WARN_SUSPICIOUS_MOVE = YES;
				CLANG_WARN_UNGUARDED_AVAILABILITY = YES_AGGRESSIVE;
				CLANG_WARN_UNREACHABLE_CODE = YES;
				CLANG_WARN__DUPLICATE_METHOD_MATCH = YES;
				CODE_SIGN_IDENTITY = "iPhone Developer";
				COPY_PHASE_STRIP = NO;
				DEBUG_INFORMATION_FORMAT = dwarf;
				ENABLE_STRICT_OBJC_MSGSEND = YES;
				ENABLE_TESTABILITY = YES;
				GCC_C_LANGUAGE_STANDARD = gnu11;
				GCC_DYNAMIC_NO_PIC = NO;
				GCC_NO_COMMON_BLOCKS = YES;
				GCC_OPTIMIZATION_LEVEL = 0;
				GCC_PREPROCESSOR_DEFINITIONS = (
					"DEBUG=1",
					"$(inherited)",
				);
				GCC_WARN_64_TO_32_BIT_CONVERSION = YES;
				GCC_WARN_ABOUT_RETURN_TYPE = YES_ERROR;
				GCC_WARN_UNDECLARED_SELECTOR = YES;
				GCC_WARN_UNINITIALIZED_AUTOS = YES_AGGRESSIVE;
				GCC_WARN_UNUSED_FUNCTION = YES;
				GCC_WARN_UNUSED_VARIABLE = YES;
				IPHONEOS_DEPLOYMENT_TARGET = 12.1;
				MTL_ENABLE_DEBUG_INFO = INCLUDE_SOURCE;
				MTL_FAST_MATH = YES;
				ONLY_ACTIVE_ARCH = YES;
				SDKROOT = iphoneos;
				SWIFT_ACTIVE_COMPILATION_CONDITIONS = DEBUG;
				SWIFT_OPTIMIZATION_LEVEL = "-Onone";
			};
			name = Debug;
		};
		64FEEDA6223F3D6E00EC7EEA /* Release */ = {
			isa = XCBuildConfiguration;
			buildSettings = {
				ALWAYS_SEARCH_USER_PATHS = NO;
				CLANG_ANALYZER_NONNULL = YES;
				CLANG_ANALYZER_NUMBER_OBJECT_CONVERSION = YES_AGGRESSIVE;
				CLANG_CXX_LANGUAGE_STANDARD = "gnu++14";
				CLANG_CXX_LIBRARY = "libc++";
				CLANG_ENABLE_MODULES = YES;
				CLANG_ENABLE_OBJC_ARC = YES;
				CLANG_ENABLE_OBJC_WEAK = YES;
				CLANG_WARN_BLOCK_CAPTURE_AUTORELEASING = YES;
				CLANG_WARN_BOOL_CONVERSION = YES;
				CLANG_WARN_COMMA = YES;
				CLANG_WARN_CONSTANT_CONVERSION = YES;
				CLANG_WARN_DEPRECATED_OBJC_IMPLEMENTATIONS = YES;
				CLANG_WARN_DIRECT_OBJC_ISA_USAGE = YES_ERROR;
				CLANG_WARN_DOCUMENTATION_COMMENTS = YES;
				CLANG_WARN_EMPTY_BODY = YES;
				CLANG_WARN_ENUM_CONVERSION = YES;
				CLANG_WARN_INFINITE_RECURSION = YES;
				CLANG_WARN_INT_CONVERSION = YES;
				CLANG_WARN_NON_LITERAL_NULL_CONVERSION = YES;
				CLANG_WARN_OBJC_IMPLICIT_RETAIN_SELF = YES;
				CLANG_WARN_OBJC_LITERAL_CONVERSION = YES;
				CLANG_WARN_OBJC_ROOT_CLASS = YES_ERROR;
				CLANG_WARN_RANGE_LOOP_ANALYSIS = YES;
				CLANG_WARN_STRICT_PROTOTYPES = YES;
				CLANG_WARN_SUSPICIOUS_MOVE = YES;
				CLANG_WARN_UNGUARDED_AVAILABILITY = YES_AGGRESSIVE;
				CLANG_WARN_UNREACHABLE_CODE = YES;
				CLANG_WARN__DUPLICATE_METHOD_MATCH = YES;
				CODE_SIGN_IDENTITY = "iPhone Developer";
				COPY_PHASE_STRIP = NO;
				DEBUG_INFORMATION_FORMAT = "dwarf-with-dsym";
				ENABLE_NS_ASSERTIONS = NO;
				ENABLE_STRICT_OBJC_MSGSEND = YES;
				GCC_C_LANGUAGE_STANDARD = gnu11;
				GCC_NO_COMMON_BLOCKS = YES;
				GCC_WARN_64_TO_32_BIT_CONVERSION = YES;
				GCC_WARN_ABOUT_RETURN_TYPE = YES_ERROR;
				GCC_WARN_UNDECLARED_SELECTOR = YES;
				GCC_WARN_UNINITIALIZED_AUTOS = YES_AGGRESSIVE;
				GCC_WARN_UNUSED_FUNCTION = YES;
				GCC_WARN_UNUSED_VARIABLE = YES;
				IPHONEOS_DEPLOYMENT_TARGET = 12.1;
				MTL_ENABLE_DEBUG_INFO = NO;
				MTL_FAST_MATH = YES;
				SDKROOT = iphoneos;
				SWIFT_COMPILATION_MODE = wholemodule;
				SWIFT_OPTIMIZATION_LEVEL = "-O";
				VALIDATE_PRODUCT = YES;
			};
			name = Release;
		};
		64FEEDA8223F3D6E00EC7EEA /* Debug */ = {
			isa = XCBuildConfiguration;
			baseConfigurationReference = 97847ABED020ADCBB0C274E9 /* Pods-GraphQLSample.debug.xcconfig */;
			buildSettings = {
				ASSETCATALOG_COMPILER_APPICON_NAME = AppIcon;
				CODE_SIGN_STYLE = Automatic;
				DEVELOPMENT_TEAM = TR6HP65TF9;
				INFOPLIST_FILE = GraphQLSample/Info.plist;
				LD_RUNPATH_SEARCH_PATHS = (
					"$(inherited)",
					"@executable_path/Frameworks",
				);
				PRODUCT_BUNDLE_IDENTIFIER = tw.com.YCFeng.GraphQLSample;
				PRODUCT_NAME = "$(TARGET_NAME)";
				SWIFT_VERSION = 4.2;
				TARGETED_DEVICE_FAMILY = "1,2";
			};
			name = Debug;
		};
		64FEEDA9223F3D6E00EC7EEA /* Release */ = {
			isa = XCBuildConfiguration;
			baseConfigurationReference = C948A34ED6D2602924FDE901 /* Pods-GraphQLSample.release.xcconfig */;
			buildSettings = {
				ASSETCATALOG_COMPILER_APPICON_NAME = AppIcon;
				CODE_SIGN_STYLE = Automatic;
				DEVELOPMENT_TEAM = TR6HP65TF9;
				INFOPLIST_FILE = GraphQLSample/Info.plist;
				LD_RUNPATH_SEARCH_PATHS = (
					"$(inherited)",
					"@executable_path/Frameworks",
				);
				PRODUCT_BUNDLE_IDENTIFIER = tw.com.YCFeng.GraphQLSample;
				PRODUCT_NAME = "$(TARGET_NAME)";
				SWIFT_VERSION = 4.2;
				TARGETED_DEVICE_FAMILY = "1,2";
			};
			name = Release;
		};
		64FEEDAB223F3D6E00EC7EEA /* Debug */ = {
			isa = XCBuildConfiguration;
			baseConfigurationReference = 9F4662940F39A58EEA4F9792 /* Pods-GraphQLSampleTests.debug.xcconfig */;
			buildSettings = {
				ALWAYS_EMBED_SWIFT_STANDARD_LIBRARIES = YES;
				BUNDLE_LOADER = "$(TEST_HOST)";
				CODE_SIGN_STYLE = Automatic;
				DEVELOPMENT_TEAM = TR6HP65TF9;
				INFOPLIST_FILE = GraphQLSampleTests/Info.plist;
				LD_RUNPATH_SEARCH_PATHS = (
					"$(inherited)",
					"@executable_path/Frameworks",
					"@loader_path/Frameworks",
				);
				PRODUCT_BUNDLE_IDENTIFIER = tw.com.YCFeng.GraphQLSampleTests;
				PRODUCT_NAME = "$(TARGET_NAME)";
				SWIFT_VERSION = 4.2;
				TARGETED_DEVICE_FAMILY = "1,2";
				TEST_HOST = "$(BUILT_PRODUCTS_DIR)/GraphQLSample.app/GraphQLSample";
			};
			name = Debug;
		};
		64FEEDAC223F3D6E00EC7EEA /* Release */ = {
			isa = XCBuildConfiguration;
			baseConfigurationReference = B61A8F9321FCC6F0A3FE4BCF /* Pods-GraphQLSampleTests.release.xcconfig */;
			buildSettings = {
				ALWAYS_EMBED_SWIFT_STANDARD_LIBRARIES = YES;
				BUNDLE_LOADER = "$(TEST_HOST)";
				CODE_SIGN_STYLE = Automatic;
				DEVELOPMENT_TEAM = TR6HP65TF9;
				INFOPLIST_FILE = GraphQLSampleTests/Info.plist;
				LD_RUNPATH_SEARCH_PATHS = (
					"$(inherited)",
					"@executable_path/Frameworks",
					"@loader_path/Frameworks",
				);
				PRODUCT_BUNDLE_IDENTIFIER = tw.com.YCFeng.GraphQLSampleTests;
				PRODUCT_NAME = "$(TARGET_NAME)";
				SWIFT_VERSION = 4.2;
				TARGETED_DEVICE_FAMILY = "1,2";
				TEST_HOST = "$(BUILT_PRODUCTS_DIR)/GraphQLSample.app/GraphQLSample";
			};
			name = Release;
		};
/* End XCBuildConfiguration section */

/* Begin XCConfigurationList section */
		64FEED85223F3D6A00EC7EEA /* Build configuration list for PBXProject "GraphQLSample" */ = {
			isa = XCConfigurationList;
			buildConfigurations = (
				64FEEDA5223F3D6E00EC7EEA /* Debug */,
				64FEEDA6223F3D6E00EC7EEA /* Release */,
			);
			defaultConfigurationIsVisible = 0;
			defaultConfigurationName = Release;
		};
		64FEEDA7223F3D6E00EC7EEA /* Build configuration list for PBXNativeTarget "GraphQLSample" */ = {
			isa = XCConfigurationList;
			buildConfigurations = (
				64FEEDA8223F3D6E00EC7EEA /* Debug */,
				64FEEDA9223F3D6E00EC7EEA /* Release */,
			);
			defaultConfigurationIsVisible = 0;
			defaultConfigurationName = Release;
		};
		64FEEDAA223F3D6E00EC7EEA /* Build configuration list for PBXNativeTarget "GraphQLSampleTests" */ = {
			isa = XCConfigurationList;
			buildConfigurations = (
				64FEEDAB223F3D6E00EC7EEA /* Debug */,
				64FEEDAC223F3D6E00EC7EEA /* Release */,
			);
			defaultConfigurationIsVisible = 0;
			defaultConfigurationName = Release;
		};
/* End XCConfigurationList section */
	};
	rootObject = 64FEED82223F3D6A00EC7EEA /* Project object */;
}
